
Microsoft Visual Studio Solution File, Format Version 12.00
# Visual Studio 15
VisualStudioVersion = 15.0.26403.0
MinimumVisualStudioVersion = 10.0.40219.1
Project("{9A19103F-16F7-4668-BE54-9A1E7A4F7556}") = "Toggled", "src\Toggled\Toggled.csproj", "{EBF20CCC-C72A-4DA3-A927-F8D9BCA359E6}"
EndProject
Project("{9A19103F-16F7-4668-BE54-9A1E7A4F7556}") = "Toggled.Tests", "src\Toggled.Tests\Toggled.Tests.csproj", "{A7B2658D-1EA4-463D-99AE-AA26D3307712}"
EndProject
Global
	GlobalSection(SolutionConfigurationPlatforms) = preSolution
		Debug|Any CPU = Debug|Any CPU
		Release|Any CPU = Release|Any CPU
	EndGlobalSection
	GlobalSection(ProjectConfigurationPlatforms) = postSolution
		{EBF20CCC-C72A-4DA3-A927-F8D9BCA359E6}.Debug|Any CPU.ActiveCfg = Debug|Any CPU
		{EBF20CCC-C72A-4DA3-A927-F8D9BCA359E6}.Debug|Any CPU.Build.0 = Debug|Any CPU
		{EBF20CCC-C72A-4DA3-A927-F8D9BCA359E6}.Release|Any CPU.ActiveCfg = Release|Any CPU
		{EBF20CCC-C72A-4DA3-A927-F8D9BCA359E6}.Release|Any CPU.Build.0 = Release|Any CPU
		{A7B2658D-1EA4-463D-99AE-AA26D3307712}.Debug|Any CPU.ActiveCfg = Debug|Any CPU
		{A7B2658D-1EA4-463D-99AE-AA26D3307712}.Debug|Any CPU.Build.0 = Debug|Any CPU
		{A7B2658D-1EA4-463D-99AE-AA26D3307712}.Release|Any CPU.ActiveCfg = Release|Any CPU
		{A7B2658D-1EA4-463D-99AE-AA26D3307712}.Release|Any CPU.Build.0 = Release|Any CPU
	EndGlobalSection
	GlobalSection(SolutionProperties) = preSolution
		HideSolutionNode = FALSE
	EndGlobalSection
EndGlobal
